
Microsoft Visual Studio Solution File, Format Version 12.00
# Visual Studio Version 17
VisualStudioVersion = 17.5.2.0
MinimumVisualStudioVersion = 10.0.40219.1
Project("{FAE04EC0-301F-11D3-BF4B-00C04F79EFBC}") = "Shink", "Shink\Shink.csproj", "{3C749815-47A2-9FFF-C452-08E1C1800936}"
EndProject
Project("{FAE04EC0-301F-11D3-BF4B-00C04F79EFBC}") = "Shink.Mobile", "Shink.Mobile\Shink.Mobile.csproj", "{53DB5A3F-2B7E-4624-829A-6CBE8F31C3D6}"
EndProject
Project("{FAE04EC0-301F-11D3-BF4B-00C04F79EFBC}") = "Shink.Tests", "Shink.Tests\Shink.Tests.csproj", "{6BE8FA55-6082-4F0D-BA91-BE9F00D4A60A}"
EndProject
Global
	GlobalSection(SolutionConfigurationPlatforms) = preSolution
		Debug|Any CPU = Debug|Any CPU
		Debug|x64 = Debug|x64
		Debug|x86 = Debug|x86
		Release|Any CPU = Release|Any CPU
		Release|x64 = Release|x64
		Release|x86 = Release|x86
	EndGlobalSection
	GlobalSection(ProjectConfigurationPlatforms) = postSolution
		{3C749815-47A2-9FFF-C452-08E1C1800936}.Debug|Any CPU.ActiveCfg = Debug|Any CPU
		{3C749815-47A2-9FFF-C452-08E1C1800936}.Debug|Any CPU.Build.0 = Debug|Any CPU
		{3C749815-47A2-9FFF-C452-08E1C1800936}.Debug|x64.ActiveCfg = Debug|Any CPU
		{3C749815-47A2-9FFF-C452-08E1C1800936}.Debug|x64.Build.0 = Debug|Any CPU
		{3C749815-47A2-9FFF-C452-08E1C1800936}.Debug|x86.ActiveCfg = Debug|Any CPU
		{3C749815-47A2-9FFF-C452-08E1C1800936}.Debug|x86.Build.0 = Debug|Any CPU
		{3C749815-47A2-9FFF-C452-08E1C1800936}.Release|Any CPU.ActiveCfg = Release|Any CPU
		{3C749815-47A2-9FFF-C452-08E1C1800936}.Release|Any CPU.Build.0 = Release|Any CPU
		{3C749815-47A2-9FFF-C452-08E1C1800936}.Release|x64.ActiveCfg = Release|Any CPU
		{3C749815-47A2-9FFF-C452-08E1C1800936}.Release|x64.Build.0 = Release|Any CPU
		{3C749815-47A2-9FFF-C452-08E1C1800936}.Release|x86.ActiveCfg = Release|Any CPU
		{3C749815-47A2-9FFF-C452-08E1C1800936}.Release|x86.Build.0 = Release|Any CPU
		{53DB5A3F-2B7E-4624-829A-6CBE8F31C3D6}.Debug|Any CPU.ActiveCfg = Debug|Any CPU
		{53DB5A3F-2B7E-4624-829A-6CBE8F31C3D6}.Debug|Any CPU.Build.0 = Debug|Any CPU
		{53DB5A3F-2B7E-4624-829A-6CBE8F31C3D6}.Debug|x64.ActiveCfg = Debug|Any CPU
		{53DB5A3F-2B7E-4624-829A-6CBE8F31C3D6}.Debug|x64.Build.0 = Debug|Any CPU
		{53DB5A3F-2B7E-4624-829A-6CBE8F31C3D6}.Debug|x86.ActiveCfg = Debug|Any CPU
		{53DB5A3F-2B7E-4624-829A-6CBE8F31C3D6}.Debug|x86.Build.0 = Debug|Any CPU
		{53DB5A3F-2B7E-4624-829A-6CBE8F31C3D6}.Release|Any CPU.ActiveCfg = Release|Any CPU
		{53DB5A3F-2B7E-4624-829A-6CBE8F31C3D6}.Release|Any CPU.Build.0 = Release|Any CPU
		{53DB5A3F-2B7E-4624-829A-6CBE8F31C3D6}.Release|x64.ActiveCfg = Release|Any CPU
		{53DB5A3F-2B7E-4624-829A-6CBE8F31C3D6}.Release|x64.Build.0 = Release|Any CPU
		{53DB5A3F-2B7E-4624-829A-6CBE8F31C3D6}.Release|x86.ActiveCfg = Release|Any CPU
		{53DB5A3F-2B7E-4624-829A-6CBE8F31C3D6}.Release|x86.Build.0 = Release|Any CPU
		{6BE8FA55-6082-4F0D-BA91-BE9F00D4A60A}.Debug|Any CPU.ActiveCfg = Debug|Any CPU
		{6BE8FA55-6082-4F0D-BA91-BE9F00D4A60A}.Debug|Any CPU.Build.0 = Debug|Any CPU
		{6BE8FA55-6082-4F0D-BA91-BE9F00D4A60A}.Debug|x64.ActiveCfg = Debug|Any CPU
		{6BE8FA55-6082-4F0D-BA91-BE9F00D4A60A}.Debug|x64.Build.0 = Debug|Any CPU
		{6BE8FA55-6082-4F0D-BA91-BE9F00D4A60A}.Debug|x86.ActiveCfg = Debug|Any CPU
		{6BE8FA55-6082-4F0D-BA91-BE9F00D4A60A}.Debug|x86.Build.0 = Debug|Any CPU
		{6BE8FA55-6082-4F0D-BA91-BE9F00D4A60A}.Release|Any CPU.ActiveCfg = Release|Any CPU
		{6BE8FA55-6082-4F0D-BA91-BE9F00D4A60A}.Release|Any CPU.Build.0 = Release|Any CPU
		{6BE8FA55-6082-4F0D-BA91-BE9F00D4A60A}.Release|x64.ActiveCfg = Release|Any CPU
		{6BE8FA55-6082-4F0D-BA91-BE9F00D4A60A}.Release|x64.Build.0 = Release|Any CPU
		{6BE8FA55-6082-4F0D-BA91-BE9F00D4A60A}.Release|x86.ActiveCfg = Release|Any CPU
		{6BE8FA55-6082-4F0D-BA91-BE9F00D4A60A}.Release|x86.Build.0 = Release|Any CPU
	EndGlobalSection
	GlobalSection(SolutionProperties) = preSolution
		HideSolutionNode = FALSE
	EndGlobalSection
	GlobalSection(ExtensibilityGlobals) = postSolution
		SolutionGuid = {8A433EBB-E60F-4E95-B39E-D176C3BF89B8}
	EndGlobalSection
EndGlobal
