// !$*UTF8*$!
{
	archiveVersion = 1;
	classes = {
	};
	objectVersion = 56;
	objects = {

/* Begin PBXFileReference section */
		A10000010000000000000001 /* Shink.Mobile.app */ = {isa = PBXFileReference; explicitFileType = wrapper.application; includeInIndex = 0; path = "Shink.Mobile.app"; sourceTree = BUILT_PRODUCTS_DIR; };
		A10000010000000000000002 /* Info.plist */ = {isa = PBXFileReference; lastKnownFileType = text.plist.xml; path = "Shink.Mobile/Platforms/iOS/Info.plist"; sourceTree = SOURCE_ROOT; };
		A10000010000000000000003 /* SchinkStories.storekit */ = {isa = PBXFileReference; lastKnownFileType = text.storekit; path = "Shink.Mobile/Platforms/iOS/StoreKit/SchinkStories.storekit"; sourceTree = SOURCE_ROOT; };
/* End PBXFileReference section */

/* Begin PBXFrameworksBuildPhase section */
		A10000010000000000000010 /* Frameworks */ = {
			isa = PBXFrameworksBuildPhase;
			buildActionMask = 2147483647;
			files = (
			);
			runOnlyForDeploymentPostprocessing = 0;
		};
/* End PBXFrameworksBuildPhase section */

/* Begin PBXGroup section */
		A10000010000000000000020 = {
			isa = PBXGroup;
			children = (
				A10000010000000000000003 /* SchinkStories.storekit */,
				A10000010000000000000021 /* Products */,
			);
			sourceTree = "<group>";
		};
		A10000010000000000000021 /* Products */ = {
			isa = PBXGroup;
			children = (
				A10000010000000000000001 /* Shink.Mobile.app */,
			);
			name = Products;
			sourceTree = "<group>";
		};
/* End PBXGroup section */

/* Begin PBXNativeTarget section */
		A10000010000000000000030 /* StoreKitRunner */ = {
			isa = PBXNativeTarget;
			buildConfigurationList = A10000010000000000000041 /* Build configuration list for PBXNativeTarget "StoreKitRunner" */;
			buildPhases = (
				A10000010000000000000011 /* Sources */,
				A10000010000000000000010 /* Frameworks */,
				A10000010000000000000012 /* Resources */,
			);
			buildRules = (
			);
			dependencies = (
			);
			name = StoreKitRunner;
			productName = StoreKitRunner;
			productReference = A10000010000000000000001 /* Shink.Mobile.app */;
			productType = "com.apple.product-type.application";
		};
/* End PBXNativeTarget section */

/* Begin PBXProject section */
		A10000010000000000000031 /* Project object */ = {
			isa = PBXProject;
			attributes = {
				BuildIndependentTargetsInParallel = YES;
				LastUpgradeCheck = 2660;
				TargetAttributes = {
					A10000010000000000000030 = {
						CreatedOnToolsVersion = 26.0;
					};
				};
			};
			buildConfigurationList = A10000010000000000000040 /* Build configuration list for PBXProject "StoreKitRunner" */;
			compatibilityVersion = "Xcode 14.0";
			developmentRegion = en;
			hasScannedForEncodings = 0;
			knownRegions = (
				en,
				Base,
			);
			mainGroup = A10000010000000000000020;
			productRefGroup = A10000010000000000000021 /* Products */;
			projectDirPath = "";
			projectRoot = "";
			targets = (
				A10000010000000000000030 /* StoreKitRunner */,
			);
		};
/* End PBXProject section */

/* Begin PBXResourcesBuildPhase section */
		A10000010000000000000012 /* Resources */ = {
			isa = PBXResourcesBuildPhase;
			buildActionMask = 2147483647;
			files = (
			);
			runOnlyForDeploymentPostprocessing = 0;
		};
/* End PBXResourcesBuildPhase section */

/* Begin PBXSourcesBuildPhase section */
		A10000010000000000000011 /* Sources */ = {
			isa = PBXSourcesBuildPhase;
			buildActionMask = 2147483647;
			files = (
			);
			runOnlyForDeploymentPostprocessing = 0;
		};
/* End PBXSourcesBuildPhase section */

/* Begin XCBuildConfiguration section */
		A10000010000000000000050 /* Debug */ = {
			isa = XCBuildConfiguration;
			buildSettings = {
				CODE_SIGNING_ALLOWED = NO;
				IPHONEOS_DEPLOYMENT_TARGET = 15.0;
				INFOPLIST_FILE = "$(SRCROOT)/Shink.Mobile/Platforms/iOS/Info.plist";
				PRODUCT_BUNDLE_IDENTIFIER = "com.schink.stories.mobile";
				PRODUCT_NAME = "Shink.Mobile";
				SDKROOT = iphoneos;
				TARGETED_DEVICE_FAMILY = "1,2";
			};
			name = Debug;
		};
		A10000010000000000000051 /* Release */ = {
			isa = XCBuildConfiguration;
			buildSettings = {
				CODE_SIGNING_ALLOWED = NO;
				IPHONEOS_DEPLOYMENT_TARGET = 15.0;
				INFOPLIST_FILE = "$(SRCROOT)/Shink.Mobile/Platforms/iOS/Info.plist";
				PRODUCT_BUNDLE_IDENTIFIER = "com.schink.stories.mobile";
				PRODUCT_NAME = "Shink.Mobile";
				SDKROOT = iphoneos;
				TARGETED_DEVICE_FAMILY = "1,2";
			};
			name = Release;
		};
		A10000010000000000000052 /* Project Debug */ = {
			isa = XCBuildConfiguration;
			buildSettings = {
				ALWAYS_SEARCH_USER_PATHS = NO;
				CODE_SIGNING_ALLOWED = NO;
				IPHONEOS_DEPLOYMENT_TARGET = 15.0;
				SDKROOT = iphoneos;
			};
			name = Debug;
		};
		A10000010000000000000053 /* Project Release */ = {
			isa = XCBuildConfiguration;
			buildSettings = {
				ALWAYS_SEARCH_USER_PATHS = NO;
				CODE_SIGNING_ALLOWED = NO;
				IPHONEOS_DEPLOYMENT_TARGET = 15.0;
				SDKROOT = iphoneos;
			};
			name = Release;
		};
/* End XCBuildConfiguration section */

/* Begin XCConfigurationList section */
		A10000010000000000000040 /* Build configuration list for PBXProject "StoreKitRunner" */ = {
			isa = XCConfigurationList;
			buildConfigurations = (
				A10000010000000000000052 /* Project Debug */,
				A10000010000000000000053 /* Project Release */,
			);
			defaultConfigurationIsVisible = 0;
			defaultConfigurationName = Debug;
		};
		A10000010000000000000041 /* Build configuration list for PBXNativeTarget "StoreKitRunner" */ = {
			isa = XCConfigurationList;
			buildConfigurations = (
				A10000010000000000000050 /* Debug */,
				A10000010000000000000051 /* Release */,
			);
			defaultConfigurationIsVisible = 0;
			defaultConfigurationName = Debug;
		};
/* End XCConfigurationList section */
	};
	rootObject = A10000010000000000000031 /* Project object */;
}
